
Microsoft Visual Studio Solution File, Format Version 12.00
# Visual Studio Version 17
VisualStudioVersion = 17.7.34031.279
MinimumVisualStudioVersion = 10.0.40219.1
Project("{FAE04EC0-301F-11D3-BF4B-00C04F79EFBC}") = "IvanPurebaAPI", "IvanPurebaAPI\IvanPurebaAPI.csproj", "{17B27A86-2078-4645-A73E-30C3CF804D41}"
EndProject
Global
	GlobalSection(SolutionConfigurationPlatforms) = preSolution
		Debug|Any CPU = Debug|Any CPU
		Release|Any CPU = Release|Any CPU
	EndGlobalSection
	GlobalSection(ProjectConfigurationPlatforms) = postSolution
		{17B27A86-2078-4645-A73E-30C3CF804D41}.Debug|Any CPU.ActiveCfg = Debug|Any CPU
		{17B27A86-2078-4645-A73E-30C3CF804D41}.Debug|Any CPU.Build.0 = Debug|Any CPU
		{17B27A86-2078-4645-A73E-30C3CF804D41}.Release|Any CPU.ActiveCfg = Release|Any CPU
		{17B27A86-2078-4645-A73E-30C3CF804D41}.Release|Any CPU.Build.0 = Release|Any CPU
	EndGlobalSection
	GlobalSection(SolutionProperties) = preSolution
		HideSolutionNode = FALSE
	EndGlobalSection
	GlobalSection(ExtensibilityGlobals) = postSolution
		SolutionGuid = {92ADB41D-5EC4-4BB5-9BD5-F9A8E8D45130}
	EndGlobalSection
EndGlobal
